{
  "name": "vitalk-plugin-registry",
  "lockfileVersion": 3,
  "requires": true,
  "packages": {
    "": {
      "name": "vitalk-plugin-registry",
      "dependencies": {
        "@vitalk/plugin-sdk": "file:vendor/vitalk-plugin-sdk-0.4.0.tgz"
      },
      "engines": {
        "node": ">=22"
      }
    },
    "node_modules/@vitalk/plugin-sdk": {
      "version": "0.4.0",
      "resolved": "file:vendor/vitalk-plugin-sdk-0.4.0.tgz",
      "integrity": "sha512-Iznsv0EqCUVrc7rsp5C6TwDfiqjFtbwovNQkF3Fs3sieCLoN9AK78WlllTEBcyDVI7dZ7F1cDcbg889Bgl4WoQ==",
      "engines": {
        "node": ">=20"
      }
    }
  }
}
