{
  "name": "@vitalk/plugin-publisher",
  "version": "0.1.0",
  "lockfileVersion": 3,
  "requires": true,
  "packages": {
    "": {
      "name": "@vitalk/plugin-publisher",
      "version": "0.1.0",
      "dependencies": {
        "@vitalk/plugin-sdk": "file:vendor/vitalk-plugin-sdk-0.3.0.tgz"
      },
      "bin": {
        "vitalk-plugin-publish": "cli.mjs"
      },
      "engines": {
        "node": ">=22"
      }
    },
    "node_modules/@vitalk/plugin-sdk": {
      "version": "0.3.0",
      "resolved": "file:vendor/vitalk-plugin-sdk-0.3.0.tgz",
      "integrity": "sha512-NGhnLZGF1ZEa53T3E+aBfIr0eDKFnF1DGdnlmrtfd32jJ6BFndMnpSTBgq0d9/xzMIeqoj+DwzarcxUkRmK+cQ==",
      "engines": {
        "node": ">=20"
      }
    }
  }
}
